
Microsoft Visual Studio Solution File, Format Version 12.00
# Visual Studio Version 16
VisualStudioVersion = 16.0.810.19
MinimumVisualStudioVersion = 10.0.40219.1
Project("{FAE04EC0-301F-11D3-BF4B-00C04F79EFBC}") = "cs451_commerce_bank_project", "cs451_commerce_bank_project\cs451_commerce_bank_project.csproj", "{5E27026A-F65E-4EBB-BE23-536C6448CEC3}"
EndProject
Global
	GlobalSection(SolutionConfigurationPlatforms) = preSolution
		Debug|Any CPU = Debug|Any CPU
		Release|Any CPU = Release|Any CPU
	EndGlobalSection
	GlobalSection(ProjectConfigurationPlatforms) = postSolution
		{5E27026A-F65E-4EBB-BE23-536C6448CEC3}.Debug|Any CPU.ActiveCfg = Debug|Any CPU
		{5E27026A-F65E-4EBB-BE23-536C6448CEC3}.Debug|Any CPU.Build.0 = Debug|Any CPU
		{5E27026A-F65E-4EBB-BE23-536C6448CEC3}.Release|Any CPU.ActiveCfg = Release|Any CPU
		{5E27026A-F65E-4EBB-BE23-536C6448CEC3}.Release|Any CPU.Build.0 = Release|Any CPU
	EndGlobalSection
	GlobalSection(SolutionProperties) = preSolution
		HideSolutionNode = FALSE
	EndGlobalSection
	GlobalSection(ExtensibilityGlobals) = postSolution
		SolutionGuid = {73D9B5BA-C9CF-4312-B131-519DF9A8FE54}
	EndGlobalSection
EndGlobal
